
Microsoft Visual Studio Solution File, Format Version 10.00
# Visual Studio 2008
Project("{FAE04EC0-301F-11D3-BF4B-00C04F79EFBC}") = "ControlPanel", "ControlPanel\ControlPanel.csproj", "{33F1286D-4242-44C3-A396-C87A78E80A09}"
EndProject
Global
	GlobalSection(SolutionConfigurationPlatforms) = preSolution
		Debug|Any CPU = Debug|Any CPU
		Release|Any CPU = Release|Any CPU
	EndGlobalSection
	GlobalSection(ProjectConfigurationPlatforms) = postSolution
		{33F1286D-4242-44C3-A396-C87A78E80A09}.Debug|Any CPU.ActiveCfg = Debug|Any CPU
		{33F1286D-4242-44C3-A396-C87A78E80A09}.Debug|Any CPU.Build.0 = Debug|Any CPU
		{33F1286D-4242-44C3-A396-C87A78E80A09}.Release|Any CPU.ActiveCfg = Release|Any CPU
		{33F1286D-4242-44C3-A396-C87A78E80A09}.Release|Any CPU.Build.0 = Release|Any CPU
	EndGlobalSection
	GlobalSection(SolutionProperties) = preSolution
		HideSolutionNode = FALSE
	EndGlobalSection
EndGlobal
