
Microsoft Visual Studio Solution File, Format Version 12.00
# Visual Studio 2012
Project("{FAE04EC0-301F-11D3-BF4B-00C04F79EFBC}") = "Server", "Server\Server.csproj", "{09AF9C37-789C-4D58-9D8E-480F5999AB87}"
EndProject
Project("{FAE04EC0-301F-11D3-BF4B-00C04F79EFBC}") = "ControlPanel", "ControlPanel\ControlPanel.csproj", "{33F1286D-4242-44C3-A396-C87A78E80A09}"
EndProject
Project("{FAE04EC0-301F-11D3-BF4B-00C04F79EFBC}") = "Test", "Tests\Test.csproj", "{5F3BC8EA-AF86-4289-AD89-54AC0D00F44B}"
EndProject
Project("{930C7802-8A8C-48F9-8165-68863BCCD9DD}") = "Setup", "Setup\Setup.wixproj", "{7CAFF910-ABC5-4ACF-9B43-16B1BC0C46B1}"
	ProjectSection(ProjectDependencies) = postProject
		{09AF9C37-789C-4D58-9D8E-480F5999AB87} = {09AF9C37-789C-4D58-9D8E-480F5999AB87}
		{33F1286D-4242-44C3-A396-C87A78E80A09} = {33F1286D-4242-44C3-A396-C87A78E80A09}
	EndProjectSection
EndProject
Global
	GlobalSection(SolutionConfigurationPlatforms) = preSolution
		Debug|Any CPU = Debug|Any CPU
		Debug|Mixed Platforms = Debug|Mixed Platforms
		Debug|x86 = Debug|x86
		Release|Any CPU = Release|Any CPU
		Release|Mixed Platforms = Release|Mixed Platforms
		Release|x86 = Release|x86
	EndGlobalSection
	GlobalSection(ProjectConfigurationPlatforms) = postSolution
		{09AF9C37-789C-4D58-9D8E-480F5999AB87}.Debug|Any CPU.ActiveCfg = Debug|Any CPU
		{09AF9C37-789C-4D58-9D8E-480F5999AB87}.Debug|Any CPU.Build.0 = Debug|Any CPU
		{09AF9C37-789C-4D58-9D8E-480F5999AB87}.Debug|Mixed Platforms.ActiveCfg = Debug|Any CPU
		{09AF9C37-789C-4D58-9D8E-480F5999AB87}.Debug|Mixed Platforms.Build.0 = Debug|Any CPU
		{09AF9C37-789C-4D58-9D8E-480F5999AB87}.Debug|x86.ActiveCfg = Debug|Any CPU
		{09AF9C37-789C-4D58-9D8E-480F5999AB87}.Release|Any CPU.ActiveCfg = Release|Any CPU
		{09AF9C37-789C-4D58-9D8E-480F5999AB87}.Release|Any CPU.Build.0 = Release|Any CPU
		{09AF9C37-789C-4D58-9D8E-480F5999AB87}.Release|Mixed Platforms.ActiveCfg = Release|Any CPU
		{09AF9C37-789C-4D58-9D8E-480F5999AB87}.Release|Mixed Platforms.Build.0 = Release|Any CPU
		{09AF9C37-789C-4D58-9D8E-480F5999AB87}.Release|x86.ActiveCfg = Release|Any CPU
		{33F1286D-4242-44C3-A396-C87A78E80A09}.Debug|Any CPU.ActiveCfg = Debug|Any CPU
		{33F1286D-4242-44C3-A396-C87A78E80A09}.Debug|Any CPU.Build.0 = Debug|Any CPU
		{33F1286D-4242-44C3-A396-C87A78E80A09}.Debug|Mixed Platforms.ActiveCfg = Debug|Any CPU
		{33F1286D-4242-44C3-A396-C87A78E80A09}.Debug|Mixed Platforms.Build.0 = Debug|Any CPU
		{33F1286D-4242-44C3-A396-C87A78E80A09}.Debug|x86.ActiveCfg = Debug|Any CPU
		{33F1286D-4242-44C3-A396-C87A78E80A09}.Release|Any CPU.ActiveCfg = Release|Any CPU
		{33F1286D-4242-44C3-A396-C87A78E80A09}.Release|Any CPU.Build.0 = Release|Any CPU
		{33F1286D-4242-44C3-A396-C87A78E80A09}.Release|Mixed Platforms.ActiveCfg = Release|Any CPU
		{33F1286D-4242-44C3-A396-C87A78E80A09}.Release|Mixed Platforms.Build.0 = Release|Any CPU
		{33F1286D-4242-44C3-A396-C87A78E80A09}.Release|x86.ActiveCfg = Release|Any CPU
		{5F3BC8EA-AF86-4289-AD89-54AC0D00F44B}.Debug|Any CPU.ActiveCfg = Debug|Any CPU
		{5F3BC8EA-AF86-4289-AD89-54AC0D00F44B}.Debug|Any CPU.Build.0 = Debug|Any CPU
		{5F3BC8EA-AF86-4289-AD89-54AC0D00F44B}.Debug|Mixed Platforms.ActiveCfg = Debug|Any CPU
		{5F3BC8EA-AF86-4289-AD89-54AC0D00F44B}.Debug|Mixed Platforms.Build.0 = Debug|Any CPU
		{5F3BC8EA-AF86-4289-AD89-54AC0D00F44B}.Debug|x86.ActiveCfg = Debug|Any CPU
		{5F3BC8EA-AF86-4289-AD89-54AC0D00F44B}.Release|Any CPU.ActiveCfg = Release|Any CPU
		{5F3BC8EA-AF86-4289-AD89-54AC0D00F44B}.Release|Any CPU.Build.0 = Release|Any CPU
		{5F3BC8EA-AF86-4289-AD89-54AC0D00F44B}.Release|Mixed Platforms.ActiveCfg = Release|Any CPU
		{5F3BC8EA-AF86-4289-AD89-54AC0D00F44B}.Release|Mixed Platforms.Build.0 = Release|Any CPU
		{5F3BC8EA-AF86-4289-AD89-54AC0D00F44B}.Release|x86.ActiveCfg = Release|Any CPU
		{7CAFF910-ABC5-4ACF-9B43-16B1BC0C46B1}.Debug|Any CPU.ActiveCfg = Debug|x86
		{7CAFF910-ABC5-4ACF-9B43-16B1BC0C46B1}.Debug|Mixed Platforms.ActiveCfg = Debug|x86
		{7CAFF910-ABC5-4ACF-9B43-16B1BC0C46B1}.Debug|Mixed Platforms.Build.0 = Debug|x86
		{7CAFF910-ABC5-4ACF-9B43-16B1BC0C46B1}.Debug|x86.ActiveCfg = Debug|x86
		{7CAFF910-ABC5-4ACF-9B43-16B1BC0C46B1}.Debug|x86.Build.0 = Debug|x86
		{7CAFF910-ABC5-4ACF-9B43-16B1BC0C46B1}.Release|Any CPU.ActiveCfg = Release|x86
		{7CAFF910-ABC5-4ACF-9B43-16B1BC0C46B1}.Release|Mixed Platforms.ActiveCfg = Release|x86
		{7CAFF910-ABC5-4ACF-9B43-16B1BC0C46B1}.Release|Mixed Platforms.Build.0 = Release|x86
		{7CAFF910-ABC5-4ACF-9B43-16B1BC0C46B1}.Release|x86.ActiveCfg = Release|x86
		{7CAFF910-ABC5-4ACF-9B43-16B1BC0C46B1}.Release|x86.Build.0 = Release|x86
	EndGlobalSection
	GlobalSection(SolutionProperties) = preSolution
		HideSolutionNode = FALSE
	EndGlobalSection
EndGlobal
